[[package]]
name = "atomicwrites"
version = "1.4.1"
description = "Atomic file writes."
category = "dev"
optional = false
python-versions = ">=2.7, !=3.0.*, !=3.1.*, !=3.2.*, !=3.3.*"

[[package]]
name = "attrs"
version = "22.1.0"
description = "Classes Without Boilerplate"
category = "dev"
optional = false
python-versions = ">=3.5"

[package.extras]
dev = ["coverage[toml] (>=5.0.2)", "hypothesis", "pympler", "pytest (>=4.3.0)", "mypy (>=0.900,!=0.940)", "pytest-mypy-plugins", "zope.interface", "furo", "sphinx", "sphinx-notfound-page", "pre-commit", "cloudpickle"]
docs = ["furo", "sphinx", "zope.interface", "sphinx-notfound-page"]
tests = ["coverage[toml] (>=5.0.2)", "hypothesis", "pympler", "pytest (>=4.3.0)", "mypy (>=0.900,!=0.940)", "pytest-mypy-plugins", "zope.interface", "cloudpickle"]
tests_no_zope = ["coverage[toml] (>=5.0.2)", "hypothesis", "pympler", "pytest (>=4.3.0)", "mypy (>=0.900,!=0.940)", "pytest-mypy-plugins", "cloudpickle"]

[[package]]
name = "beautifulsoup4"
version = "4.11.1"
description = "Screen-scraping library"
category = "main"
optional = false
python-versions = ">=3.6.0"

[package.dependencies]
soupsieve = ">1.2"

[package.extras]
html5lib = ["html5lib"]
lxml = ["lxml"]

[[package]]
name = "click"
version = "8.1.3"
description = "Composable command line interface toolkit"
category = "main"
optional = false
python-versions = ">=3.7"

[package.dependencies]
colorama = {version = "*", markers = "platform_system == \"Windows\""}

[[package]]
name = "colorama"
version = "0.4.5"
description = "Cross-platform colored terminal text."
category = "main"
optional = false
python-versions = ">=2.7, !=3.0.*, !=3.1.*, !=3.2.*, !=3.3.*, !=3.4.*"

[[package]]
name = "more-itertools"
version = "8.14.0"
description = "More routines for operating on iterables, beyond itertools"
category = "dev"
optional = false
python-versions = ">=3.5"

[[package]]
name = "packaging"
version = "21.3"
description = "Core utilities for Python packages"
category = "dev"
optional = false
python-versions = ">=3.6"

[package.dependencies]
pyparsing = ">=2.0.2,<3.0.5 || >3.0.5"

[[package]]
name = "pluggy"
version = "0.13.1"
description = "plugin and hook calling mechanisms for python"
category = "dev"
optional = false
python-versions = ">=2.7, !=3.0.*, !=3.1.*, !=3.2.*, !=3.3.*"

[package.extras]
dev = ["pre-commit", "tox"]

[[package]]
name = "py"
version = "1.11.0"
description = "library with cross-python path, ini-parsing, io, code, log facilities"
category = "dev"
optional = false
python-versions = ">=2.7, !=3.0.*, !=3.1.*, !=3.2.*, !=3.3.*, !=3.4.*"

[[package]]
name = "pyparsing"
version = "3.0.9"
description = "pyparsing module - Classes and methods to define and execute parsing grammars"
category = "dev"
optional = false
python-versions = ">=3.6.8"

[package.extras]
diagrams = ["railroad-diagrams", "jinja2"]

[[package]]
name = "pytest"
version = "5.4.3"
description = "pytest: simple powerful testing with Python"
category = "dev"
optional = false
python-versions = ">=3.5"

[package.dependencies]
atomicwrites = {version = ">=1.0", markers = "sys_platform == \"win32\""}
attrs = ">=17.4.0"
colorama = {version = "*", markers = "sys_platform == \"win32\""}
more-itertools = ">=4.0.0"
packaging = "*"
pluggy = ">=0.12,<1.0"
py = ">=1.5.0"
wcwidth = "*"

[package.extras]
checkqa-mypy = ["mypy (==v0.761)"]
testing = ["argcomplete", "hypothesis (>=3.56)", "mock", "nose", "requests", "xmlschema"]

[[package]]
name = "soupsieve"
version = "2.3.2.post1"
description = "A modern CSS selector implementation for Beautiful Soup."
category = "main"
optional = false
python-versions = ">=3.6"

[[package]]
name = "tabulate"
version = "0.8.10"
description = "Pretty-print tabular data"
category = "main"
optional = false
python-versions = ">=2.7, !=3.0.*, !=3.1.*, !=3.2.*, !=3.3.*, !=3.4.*"

[package.extras]
widechars = ["wcwidth"]

[[package]]
name = "wcwidth"
version = "0.2.5"
description = "Measures the displayed width of unicode strings in a terminal"
category = "dev"
optional = false
python-versions = "*"

[metadata]
lock-version = "1.1"
python-versions = "^3.8"
content-hash = "71e2a7098d9b2d2a2e40c35eccbe534e30dd3ea1c6347d3efc385bad1ed4a1c0"

[metadata.files]
atomicwrites = []
attrs = []
beautifulsoup4 = []
click = [
    {file = "click-8.1.3-py3-none-any.whl", hash = "sha256:bb4d8133cb15a609f44e8213d9b391b0809795062913b383c62be0ee95b1db48"},
    {file = "click-8.1.3.tar.gz", hash = "sha256:7682dc8afb30297001674575ea00d1814d808d6a36af415a82bd481d37ba7b8e"},
]
colorama = []
more-itertools = [
    {file = "more-itertools-8.14.0.tar.gz", hash = "sha256:c09443cd3d5438b8dafccd867a6bc1cb0894389e90cb53d227456b0b0bccb750"},
    {file = "more_itertools-8.14.0-py3-none-any.whl", hash = "sha256:1bc4f91ee5b1b31ac7ceacc17c09befe6a40a503907baf9c839c229b5095cfd2"},
]
packaging = []
pluggy = []
py = []
pyparsing = []
pytest = []
soupsieve = []
tabulate = [
    {file = "tabulate-0.8.10-py3-none-any.whl", hash = "sha256:0ba055423dbaa164b9e456abe7920c5e8ed33fcc16f6d1b2f2d152c8e1e8b4fc"},
    {file = "tabulate-0.8.10-py3.8.egg", hash = "sha256:436f1c768b424654fce8597290d2764def1eea6a77cfa5c33be00b1bc0f4f63d"},
    {file = "tabulate-0.8.10.tar.gz", hash = "sha256:6c57f3f3dd7ac2782770155f3adb2db0b1a269637e42f27599925e64b114f519"},
]
wcwidth = []
